PODS:
  - Kingfisher (5.15.0):
    - Kingfisher/Core (= 5.15.0)
  - Kingfisher/Core (5.15.0)
  - SVProgressHUD (2.2.5)

DEPENDENCIES:
  - Kingfisher
  - SVProgressHUD

SPEC REPOS:
  trunk:
    - Kingfisher
    - SVProgressHUD

SPEC CHECKSUMS:
  Kingfisher: 1acb67597a520c2d0310677e66d6e0af455ef757
  SVProgressHUD: 1428aafac632c1f86f62aa4243ec12008d7a51d6

PODFILE CHECKSUM: 160aa926d90ab6a6d56a1a7a260010838e9d2c8c

COCOAPODS: 1.8.4
